{
  "name": "menu",
  "version": "1.0.0",
  "lockfileVersion": 1,
  "requires": true,
  "dependencies": {
    "alkali": {
      "version": "0.20.9",
      "resolved": "https://registry.npmjs.org/alkali/-/alkali-0.20.9.tgz",
      "integrity": "sha512-DCyCDt188PLzbgPUjxHSFpVA9TG8mxO0e8ahtQFC2F0zMKqjO0kFDYjE0T0snMpUuYkP4jcVoDmMthKhPtXa+A=="
    }
  }
}
