{
  "name": "rob",
  "version": "1.0.0",
  "lockfileVersion": 1,
  "requires": true,
  "dependencies": {
    "alkali": {
      "version": "0.20.12",
      "resolved": "https://registry.npmjs.org/alkali/-/alkali-0.20.12.tgz",
      "integrity": "sha512-xGH8Ol1Ma9fhoF2lS6V87hKcNDNWhsdSG0TJhw03avAGjs0nYHXjXZImPSAd9SZgCULkg7hOCN4ScmlK3gy/gg=="
    }
  }
}
