{
  "name": "alkali-sandbox",
  "version": "1.0.0",
  "lockfileVersion": 1,
  "requires": true,
  "dependencies": {
    "alkali": {
      "version": "0.20.16",
      "resolved": "https://registry.npmjs.org/alkali/-/alkali-0.20.16.tgz",
      "integrity": "sha512-Z8Sf4sFaXEsCfhLiF4f6OWzOWtVzdmuPPTp3CrLQ0wMVqQK2lUKPtrYDzy/eUsTIdcxA9JfPzAMyy/v56m6kQw=="
    }
  }
}
